// !$*UTF8*$!
{
	archiveVersion = 1;
	classes = {
	};
	objectVersion = 50;
	objects = {

/* Begin PBXBuildFile section */
		34A22D7B23BE97B200142EE2 /* AppDelegate.swift in Sources */ = {isa = PBXBuildFile; fileRef = 34A22D7A23BE97B200142EE2 /* AppDelegate.swift */; };
		34A22D7D23BE97B200142EE2 /* ViewController.swift in Sources */ = {isa = PBXBuildFile; fileRef = 34A22D7C23BE97B200142EE2 /* ViewController.swift */; };
		34A22D7F23BE97B300142EE2 /* Assets.xcassets in Resources */ = {isa = PBXBuildFile; fileRef = 34A22D7E23BE97B300142EE2 /* Assets.xcassets */; };
		34A22D8223BE97B300142EE2 /* Main.storyboard in Resources */ = {isa = PBXBuildFile; fileRef = 34A22D8023BE97B300142EE2 /* Main.storyboard */; };
		34A22D8E23BE97B300142EE2 /* MandelbrotSetTests.swift in Sources */ = {isa = PBXBuildFile; fileRef = 34A22D8D23BE97B300142EE2 /* MandelbrotSetTests.swift */; };
		34A22D9923BE97B300142EE2 /* MandelbrotSetUITests.swift in Sources */ = {isa = PBXBuildFile; fileRef = 34A22D9823BE97B300142EE2 /* MandelbrotSetUITests.swift */; };
		34A22DAB23BEB60A00142EE2 /* MandelView.swift in Sources */ = {isa = PBXBuildFile; fileRef = 34A22DAA23BEB60A00142EE2 /* MandelView.swift */; };
/* End PBXBuildFile section */

/* Begin PBXContainerItemProxy section */
		34A22D8A23BE97B300142EE2 /* PBXContainerItemProxy */ = {
			isa = PBXContainerItemProxy;
			containerPortal = 34A22D6F23BE97B200142EE2 /* Project object */;
			proxyType = 1;
			remoteGlobalIDString = 34A22D7623BE97B200142EE2;
			remoteInfo = MandelbrotSet;
		};
		34A22D9523BE97B300142EE2 /* PBXContainerItemProxy */ = {
			isa = PBXContainerItemProxy;
			containerPortal = 34A22D6F23BE97B200142EE2 /* Project object */;
			proxyType = 1;
			remoteGlobalIDString = 34A22D7623BE97B200142EE2;
			remoteInfo = MandelbrotSet;
		};
/* End PBXContainerItemProxy section */

/* Begin PBXFileReference section */
		34A22D7723BE97B200142EE2 /* MandelbrotSet.app */ = {isa = PBXFileReference; explicitFileType = wrapper.application; includeInIndex = 0; path = MandelbrotSet.app; sourceTree = BUILT_PRODUCTS_DIR; };
		34A22D7A23BE97B200142EE2 /* AppDelegate.swift */ = {isa = PBXFileReference; lastKnownFileType = sourcecode.swift; path = AppDelegate.swift; sourceTree = "<group>"; };
		34A22D7C23BE97B200142EE2 /* ViewController.swift */ = {isa = PBXFileReference; lastKnownFileType = sourcecode.swift; path = ViewController.swift; sourceTree = "<group>"; };
		34A22D7E23BE97B300142EE2 /* Assets.xcassets */ = {isa = PBXFileReference; lastKnownFileType = folder.assetcatalog; path = Assets.xcassets; sourceTree = "<group>"; };
		34A22D8123BE97B300142EE2 /* Base */ = {isa = PBXFileReference; lastKnownFileType = file.storyboard; name = Base; path = Base.lproj/Main.storyboard; sourceTree = "<group>"; };
		34A22D8323BE97B300142EE2 /* Info.plist */ = {isa = PBXFileReference; lastKnownFileType = text.plist.xml; path = Info.plist; sourceTree = "<group>"; };
		34A22D8423BE97B300142EE2 /* MandelbrotSet.entitlements */ = {isa = PBXFileReference; lastKnownFileType = text.plist.entitlements; path = MandelbrotSet.entitlements; sourceTree = "<group>"; };
		34A22D8923BE97B300142EE2 /* MandelbrotSetTests.xctest */ = {isa = PBXFileReference; explicitFileType = wrapper.cfbundle; includeInIndex = 0; path = MandelbrotSetTests.xctest; sourceTree = BUILT_PRODUCTS_DIR; };
		34A22D8D23BE97B300142EE2 /* MandelbrotSetTests.swift */ = {isa = PBXFileReference; lastKnownFileType = sourcecode.swift; path = MandelbrotSetTests.swift; sourceTree = "<group>"; };
		34A22D8F23BE97B300142EE2 /* Info.plist */ = {isa = PBXFileReference; lastKnownFileType = text.plist.xml; path = Info.plist; sourceTree = "<group>"; };
		34A22D9423BE97B300142EE2 /* MandelbrotSetUITests.xctest */ = {isa = PBXFileReference; explicitFileType = wrapper.cfbundle; includeInIndex = 0; path = MandelbrotSetUITests.xctest; sourceTree = BUILT_PRODUCTS_DIR; };
		34A22D9823BE97B300142EE2 /* MandelbrotSetUITests.swift */ = {isa = PBXFileReference; lastKnownFileType = sourcecode.swift; path = MandelbrotSetUITests.swift; sourceTree = "<group>"; };
		34A22D9A23BE97B300142EE2 /* Info.plist */ = {isa = PBXFileReference; lastKnownFileType = text.plist.xml; path = Info.plist; sourceTree = "<group>"; };
		34A22DAA23BEB60A00142EE2 /* MandelView.swift */ = {isa = PBXFileReference; lastKnownFileType = sourcecode.swift; path = MandelView.swift; sourceTree = "<group>"; };
/* End PBXFileReference section */

/* Begin PBXFrameworksBuildPhase section */
		34A22D7423BE97B200142EE2 /* Frameworks */ = {
			isa = PBXFrameworksBuildPhase;
			buildActionMask = 2147483647;
			files = (
			);
			runOnlyForDeploymentPostprocessing = 0;
		};
		34A22D8623BE97B300142EE2 /* Frameworks */ = {
			isa = PBXFrameworksBuildPhase;
			buildActionMask = 2147483647;
			files = (
			);
			runOnlyForDeploymentPostprocessing = 0;
		};
		34A22D9123BE97B300142EE2 /* Frameworks */ = {
			isa = PBXFrameworksBuildPhase;
			buildActionMask = 2147483647;
			files = (
			);
			runOnlyForDeploymentPostprocessing = 0;
		};
/* End PBXFrameworksBuildPhase section */

/* Begin PBXGroup section */
		34A22D6E23BE97B200142EE2 = {
			isa = PBXGroup;
			children = (
				34A22D7923BE97B200142EE2 /* MandelbrotSet */,
				34A22D8C23BE97B300142EE2 /* MandelbrotSetTests */,
				34A22D9723BE97B300142EE2 /* MandelbrotSetUITests */,
				34A22D7823BE97B200142EE2 /* Products */,
			);
			sourceTree = "<group>";
		};
		34A22D7823BE97B200142EE2 /* Products */ = {
			isa = PBXGroup;
			children = (
				34A22D7723BE97B200142EE2 /* MandelbrotSet.app */,
				34A22D8923BE97B300142EE2 /* MandelbrotSetTests.xctest */,
				34A22D9423BE97B300142EE2 /* MandelbrotSetUITests.xctest */,
			);
			name = Products;
			sourceTree = "<group>";
		};
		34A22D7923BE97B200142EE2 /* MandelbrotSet */ = {
			isa = PBXGroup;
			children = (
				34A22DAA23BEB60A00142EE2 /* MandelView.swift */,
				34A22D7A23BE97B200142EE2 /* AppDelegate.swift */,
				34A22D7C23BE97B200142EE2 /* ViewController.swift */,
				34A22D7E23BE97B300142EE2 /* Assets.xcassets */,
				34A22D8023BE97B300142EE2 /* Main.storyboard */,
				34A22D8323BE97B300142EE2 /* Info.plist */,
				34A22D8423BE97B300142EE2 /* MandelbrotSet.entitlements */,
			);
			path = MandelbrotSet;
			sourceTree = "<group>";
		};
		34A22D8C23BE97B300142EE2 /* MandelbrotSetTests */ = {
			isa = PBXGroup;
			children = (
				34A22D8D23BE97B300142EE2 /* MandelbrotSetTests.swift */,
				34A22D8F23BE97B300142EE2 /* Info.plist */,
			);
			path = MandelbrotSetTests;
			sourceTree = "<group>";
		};
		34A22D9723BE97B300142EE2 /* MandelbrotSetUITests */ = {
			isa = PBXGroup;
			children = (
				34A22D9823BE97B300142EE2 /* MandelbrotSetUITests.swift */,
				34A22D9A23BE97B300142EE2 /* Info.plist */,
			);
			path = MandelbrotSetUITests;
			sourceTree = "<group>";
		};
/* End PBXGroup section */

/* Begin PBXNativeTarget section */
		34A22D7623BE97B200142EE2 /* MandelbrotSet */ = {
			isa = PBXNativeTarget;
			buildConfigurationList = 34A22D9D23BE97B300142EE2 /* Build configuration list for PBXNativeTarget "MandelbrotSet" */;
			buildPhases = (
				34A22D7323BE97B200142EE2 /* Sources */,
				34A22D7423BE97B200142EE2 /* Frameworks */,
				34A22D7523BE97B200142EE2 /* Resources */,
			);
			buildRules = (
			);
			dependencies = (
			);
			name = MandelbrotSet;
			productName = MandelbrotSet;
			productReference = 34A22D7723BE97B200142EE2 /* MandelbrotSet.app */;
			productType = "com.apple.product-type.application";
		};
		34A22D8823BE97B300142EE2 /* MandelbrotSetTests */ = {
			isa = PBXNativeTarget;
			buildConfigurationList = 34A22DA023BE97B300142EE2 /* Build configuration list for PBXNativeTarget "MandelbrotSetTests" */;
			buildPhases = (
				34A22D8523BE97B300142EE2 /* Sources */,
				34A22D8623BE97B300142EE2 /* Frameworks */,
				34A22D8723BE97B300142EE2 /* Resources */,
			);
			buildRules = (
			);
			dependencies = (
				34A22D8B23BE97B300142EE2 /* PBXTargetDependency */,
			);
			name = MandelbrotSetTests;
			productName = MandelbrotSetTests;
			productReference = 34A22D8923BE97B300142EE2 /* MandelbrotSetTests.xctest */;
			productType = "com.apple.product-type.bundle.unit-test";
		};
		34A22D9323BE97B300142EE2 /* MandelbrotSetUITests */ = {
			isa = PBXNativeTarget;
			buildConfigurationList = 34A22DA323BE97B300142EE2 /* Build configuration list for PBXNativeTarget "MandelbrotSetUITests" */;
			buildPhases = (
				34A22D9023BE97B300142EE2 /* Sources */,
				34A22D9123BE97B300142EE2 /* Frameworks */,
				34A22D9223BE97B300142EE2 /* Resources */,
			);
			buildRules = (
			);
			dependencies = (
				34A22D9623BE97B300142EE2 /* PBXTargetDependency */,
			);
			name = MandelbrotSetUITests;
			productName = MandelbrotSetUITests;
			productReference = 34A22D9423BE97B300142EE2 /* MandelbrotSetUITests.xctest */;
			productType = "com.apple.product-type.bundle.ui-testing";
		};
/* End PBXNativeTarget section */

/* Begin PBXProject section */
		34A22D6F23BE97B200142EE2 /* Project object */ = {
			isa = PBXProject;
			attributes = {
				LastSwiftUpdateCheck = 1030;
				LastUpgradeCheck = 1030;
				ORGANIZATIONNAME = "Team Sidney Enterprises";
				TargetAttributes = {
					34A22D7623BE97B200142EE2 = {
						CreatedOnToolsVersion = 10.3;
					};
					34A22D8823BE97B300142EE2 = {
						CreatedOnToolsVersion = 10.3;
						TestTargetID = 34A22D7623BE97B200142EE2;
					};
					34A22D9323BE97B300142EE2 = {
						CreatedOnToolsVersion = 10.3;
						TestTargetID = 34A22D7623BE97B200142EE2;
					};
				};
			};
			buildConfigurationList = 34A22D7223BE97B200142EE2 /* Build configuration list for PBXProject "MandelbrotSet" */;
			compatibilityVersion = "Xcode 9.3";
			developmentRegion = en;
			hasScannedForEncodings = 0;
			knownRegions = (
				en,
				Base,
			);
			mainGroup = 34A22D6E23BE97B200142EE2;
			productRefGroup = 34A22D7823BE97B200142EE2 /* Products */;
			projectDirPath = "";
			projectRoot = "";
			targets = (
				34A22D7623BE97B200142EE2 /* MandelbrotSet */,
				34A22D8823BE97B300142EE2 /* MandelbrotSetTests */,
				34A22D9323BE97B300142EE2 /* MandelbrotSetUITests */,
			);
		};
/* End PBXProject section */

/* Begin PBXResourcesBuildPhase section */
		34A22D7523BE97B200142EE2 /* Resources */ = {
			isa = PBXResourcesBuildPhase;
			buildActionMask = 2147483647;
			files = (
				34A22D7F23BE97B300142EE2 /* Assets.xcassets in Resources */,
				34A22D8223BE97B300142EE2 /* Main.storyboard in Resources */,
			);
			runOnlyForDeploymentPostprocessing = 0;
		};
		34A22D8723BE97B300142EE2 /* Resources */ = {
			isa = PBXResourcesBuildPhase;
			buildActionMask = 2147483647;
			files = (
			);
			runOnlyForDeploymentPostprocessing = 0;
		};
		34A22D9223BE97B300142EE2 /* Resources */ = {
			isa = PBXResourcesBuildPhase;
			buildActionMask = 2147483647;
			files = (
			);
			runOnlyForDeploymentPostprocessing = 0;
		};
/* End PBXResourcesBuildPhase section */

/* Begin PBXSourcesBuildPhase section */
		34A22D7323BE97B200142EE2 /* Sources */ = {
			isa = PBXSourcesBuildPhase;
			buildActionMask = 2147483647;
			files = (
				34A22D7D23BE97B200142EE2 /* ViewController.swift in Sources */,
				34A22D7B23BE97B200142EE2 /* AppDelegate.swift in Sources */,
				34A22DAB23BEB60A00142EE2 /* MandelView.swift in Sources */,
			);
			runOnlyForDeploymentPostprocessing = 0;
		};
		34A22D8523BE97B300142EE2 /* Sources */ = {
			isa = PBXSourcesBuildPhase;
			buildActionMask = 2147483647;
			files = (
				34A22D8E23BE97B300142EE2 /* MandelbrotSetTests.swift in Sources */,
			);
			runOnlyForDeploymentPostprocessing = 0;
		};
		34A22D9023BE97B300142EE2 /* Sources */ = {
			isa = PBXSourcesBuildPhase;
			buildActionMask = 2147483647;
			files = (
				34A22D9923BE97B300142EE2 /* MandelbrotSetUITests.swift in Sources */,
			);
			runOnlyForDeploymentPostprocessing = 0;
		};
/* End PBXSourcesBuildPhase section */

/* Begin PBXTargetDependency section */
		34A22D8B23BE97B300142EE2 /* PBXTargetDependency */ = {
			isa = PBXTargetDependency;
			target = 34A22D7623BE97B200142EE2 /* MandelbrotSet */;
			targetProxy = 34A22D8A23BE97B300142EE2 /* PBXContainerItemProxy */;
		};
		34A22D9623BE97B300142EE2 /* PBXTargetDependency */ = {
			isa = PBXTargetDependency;
			target = 34A22D7623BE97B200142EE2 /* MandelbrotSet */;
			targetProxy = 34A22D9523BE97B300142EE2 /* PBXContainerItemProxy */;
		};
/* End PBXTargetDependency section */

/* Begin PBXVariantGroup section */
		34A22D8023BE97B300142EE2 /* Main.storyboard */ = {
			isa = PBXVariantGroup;
			children = (
				34A22D8123BE97B300142EE2 /* Base */,
			);
			name = Main.storyboard;
			sourceTree = "<group>";
		};
/* End PBXVariantGroup section */

/* Begin XCBuildConfiguration section */
		34A22D9B23BE97B300142EE2 /* Debug */ = {
			isa = XCBuildConfiguration;
			buildSettings = {
				ALWAYS_SEARCH_USER_PATHS = NO;
				CLANG_ANALYZER_NONNULL = YES;
				CLANG_ANALYZER_NUMBER_OBJECT_CONVERSION = YES_AGGRESSIVE;
				CLANG_CXX_LANGUAGE_STANDARD = "gnu++14";
				CLANG_CXX_LIBRARY = "libc++";
				CLANG_ENABLE_MODULES = YES;
				CLANG_ENABLE_OBJC_ARC = YES;
				CLANG_ENABLE_OBJC_WEAK = YES;
				CLANG_WARN_BLOCK_CAPTURE_AUTORELEASING = YES;
				CLANG_WARN_BOOL_CONVERSION = YES;
				CLANG_WARN_COMMA = YES;
				CLANG_WARN_CONSTANT_CONVERSION = YES;
				CLANG_WARN_DEPRECATED_OBJC_IMPLEMENTATIONS = YES;
				CLANG_WARN_DIRECT_OBJC_ISA_USAGE = YES_ERROR;
				CLANG_WARN_DOCUMENTATION_COMMENTS = YES;
				CLANG_WARN_EMPTY_BODY = YES;
				CLANG_WARN_ENUM_CONVERSION = YES;
				CLANG_WARN_INFINITE_RECURSION = YES;
				CLANG_WARN_INT_CONVERSION = YES;
				CLANG_WARN_NON_LITERAL_NULL_CONVERSION = YES;
				CLANG_WARN_OBJC_IMPLICIT_RETAIN_SELF = YES;
				CLANG_WARN_OBJC_LITERAL_CONVERSION = YES;
				CLANG_WARN_OBJC_ROOT_CLASS = YES_ERROR;
				CLANG_WARN_RANGE_LOOP_ANALYSIS = YES;
				CLANG_WARN_STRICT_PROTOTYPES = YES;
				CLANG_WARN_SUSPICIOUS_MOVE = YES;
				CLANG_WARN_UNGUARDED_AVAILABILITY = YES_AGGRESSIVE;
				CLANG_WARN_UNREACHABLE_CODE = YES;
				CLANG_WARN__DUPLICATE_METHOD_MATCH = YES;
				CODE_SIGN_IDENTITY = "Mac Developer";
				COPY_PHASE_STRIP = NO;
				DEBUG_INFORMATION_FORMAT = dwarf;
				ENABLE_STRICT_OBJC_MSGSEND = YES;
				ENABLE_TESTABILITY = YES;
				GCC_C_LANGUAGE_STANDARD = gnu11;
				GCC_DYNAMIC_NO_PIC = NO;
				GCC_NO_COMMON_BLOCKS = YES;
				GCC_OPTIMIZATION_LEVEL = 0;
				GCC_PREPROCESSOR_DEFINITIONS = (
					"DEBUG=1",
					"$(inherited)",
				);
				GCC_WARN_64_TO_32_BIT_CONVERSION = YES;
				GCC_WARN_ABOUT_RETURN_TYPE = YES_ERROR;
				GCC_WARN_UNDECLARED_SELECTOR = YES;
				GCC_WARN_UNINITIALIZED_AUTOS = YES_AGGRESSIVE;
				GCC_WARN_UNUSED_FUNCTION = YES;
				GCC_WARN_UNUSED_VARIABLE = YES;
				MACOSX_DEPLOYMENT_TARGET = 10.14;
				MTL_ENABLE_DEBUG_INFO = INCLUDE_SOURCE;
				MTL_FAST_MATH = YES;
				ONLY_ACTIVE_ARCH = YES;
				SDKROOT = macosx;
				SWIFT_ACTIVE_COMPILATION_CONDITIONS = DEBUG;
				SWIFT_OPTIMIZATION_LEVEL = "-Onone";
			};
			name = Debug;
		};
		34A22D9C23BE97B300142EE2 /* Release */ = {
			isa = XCBuildConfiguration;
			buildSettings = {
				ALWAYS_SEARCH_USER_PATHS = NO;
				CLANG_ANALYZER_NONNULL = YES;
				CLANG_ANALYZER_NUMBER_OBJECT_CONVERSION = YES_AGGRESSIVE;
				CLANG_CXX_LANGUAGE_STANDARD = "gnu++14";
				CLANG_CXX_LIBRARY = "libc++";
				CLANG_ENABLE_MODULES = YES;
				CLANG_ENABLE_OBJC_ARC = YES;
				CLANG_ENABLE_OBJC_WEAK = YES;
				CLANG_WARN_BLOCK_CAPTURE_AUTORELEASING = YES;
				CLANG_WARN_BOOL_CONVERSION = YES;
				CLANG_WARN_COMMA = YES;
				CLANG_WARN_CONSTANT_CONVERSION = YES;
				CLANG_WARN_DEPRECATED_OBJC_IMPLEMENTATIONS = YES;
				CLANG_WARN_DIRECT_OBJC_ISA_USAGE = YES_ERROR;
				CLANG_WARN_DOCUMENTATION_COMMENTS = YES;
				CLANG_WARN_EMPTY_BODY = YES;
				CLANG_WARN_ENUM_CONVERSION = YES;
				CLANG_WARN_INFINITE_RECURSION = YES;
				CLANG_WARN_INT_CONVERSION = YES;
				CLANG_WARN_NON_LITERAL_NULL_CONVERSION = YES;
				CLANG_WARN_OBJC_IMPLICIT_RETAIN_SELF = YES;
				CLANG_WARN_OBJC_LITERAL_CONVERSION = YES;
				CLANG_WARN_OBJC_ROOT_CLASS = YES_ERROR;
				CLANG_WARN_RANGE_LOOP_ANALYSIS = YES;
				CLANG_WARN_STRICT_PROTOTYPES = YES;
				CLANG_WARN_SUSPICIOUS_MOVE = YES;
				CLANG_WARN_UNGUARDED_AVAILABILITY = YES_AGGRESSIVE;
				CLANG_WARN_UNREACHABLE_CODE = YES;
				CLANG_WARN__DUPLICATE_METHOD_MATCH = YES;
				CODE_SIGN_IDENTITY = "Mac Developer";
				COPY_PHASE_STRIP = NO;
				DEBUG_INFORMATION_FORMAT = "dwarf-with-dsym";
				ENABLE_NS_ASSERTIONS = NO;
				ENABLE_STRICT_OBJC_MSGSEND = YES;
				GCC_C_LANGUAGE_STANDARD = gnu11;
				GCC_NO_COMMON_BLOCKS = YES;
				GCC_WARN_64_TO_32_BIT_CONVERSION = YES;
				GCC_WARN_ABOUT_RETURN_TYPE = YES_ERROR;
				GCC_WARN_UNDECLARED_SELECTOR = YES;
				GCC_WARN_UNINITIALIZED_AUTOS = YES_AGGRESSIVE;
				GCC_WARN_UNUSED_FUNCTION = YES;
				GCC_WARN_UNUSED_VARIABLE = YES;
				MACOSX_DEPLOYMENT_TARGET = 10.14;
				MTL_ENABLE_DEBUG_INFO = NO;
				MTL_FAST_MATH = YES;
				SDKROOT = macosx;
				SWIFT_COMPILATION_MODE = wholemodule;
				SWIFT_OPTIMIZATION_LEVEL = "-O";
			};
			name = Release;
		};
		34A22D9E23BE97B300142EE2 /* Debug */ = {
			isa = XCBuildConfiguration;
			buildSettings = {
				ASSETCATALOG_COMPILER_APPICON_NAME = AppIcon;
				CODE_SIGN_ENTITLEMENTS = MandelbrotSet/MandelbrotSet.entitlements;
				CODE_SIGN_STYLE = Automatic;
				COMBINE_HIDPI_IMAGES = YES;
				DEVELOPMENT_TEAM = YGV8D2489Y;
				GCC_OPTIMIZATION_LEVEL = 0;
				INFOPLIST_FILE = MandelbrotSet/Info.plist;
				LD_RUNPATH_SEARCH_PATHS = (
					"$(inherited)",
					"@executable_path/../Frameworks",
				);
				MACOSX_DEPLOYMENT_TARGET = 10.14;
				PRODUCT_BUNDLE_IDENTIFIER = com.teamsidney.MandelbrotSet;
				PRODUCT_NAME = "$(TARGET_NAME)";
				SWIFT_OPTIMIZATION_LEVEL = "-O";
				SWIFT_VERSION = 5.0;
			};
			name = Debug;
		};
		34A22D9F23BE97B300142EE2 /* Release */ = {
			isa = XCBuildConfiguration;
			buildSettings = {
				ASSETCATALOG_COMPILER_APPICON_NAME = AppIcon;
				CODE_SIGN_ENTITLEMENTS = MandelbrotSet/MandelbrotSet.entitlements;
				CODE_SIGN_STYLE = Automatic;
				COMBINE_HIDPI_IMAGES = YES;
				DEVELOPMENT_TEAM = YGV8D2489Y;
				INFOPLIST_FILE = MandelbrotSet/Info.plist;
				LD_RUNPATH_SEARCH_PATHS = (
					"$(inherited)",
					"@executable_path/../Frameworks",
				);
				MACOSX_DEPLOYMENT_TARGET = 10.14;
				PRODUCT_BUNDLE_IDENTIFIER = com.teamsidney.MandelbrotSet;
				PRODUCT_NAME = "$(TARGET_NAME)";
				SWIFT_VERSION = 5.0;
			};
			name = Release;
		};
		34A22DA123BE97B300142EE2 /* Debug */ = {
			isa = XCBuildConfiguration;
			buildSettings = {
				ALWAYS_EMBED_SWIFT_STANDARD_LIBRARIES = YES;
				BUNDLE_LOADER = "$(TEST_HOST)";
				CODE_SIGN_STYLE = Automatic;
				COMBINE_HIDPI_IMAGES = YES;
				DEVELOPMENT_TEAM = YGV8D2489Y;
				INFOPLIST_FILE = MandelbrotSetTests/Info.plist;
				LD_RUNPATH_SEARCH_PATHS = (
					"$(inherited)",
					"@executable_path/../Frameworks",
					"@loader_path/../Frameworks",
				);
				PRODUCT_BUNDLE_IDENTIFIER = com.teamsidney.MandelbrotSetTests;
				PRODUCT_NAME = "$(TARGET_NAME)";
				SWIFT_VERSION = 5.0;
				TEST_HOST = "$(BUILT_PRODUCTS_DIR)/MandelbrotSet.app/Contents/MacOS/MandelbrotSet";
			};
			name = Debug;
		};
		34A22DA223BE97B300142EE2 /* Release */ = {
			isa = XCBuildConfiguration;
			buildSettings = {
				ALWAYS_EMBED_SWIFT_STANDARD_LIBRARIES = YES;
				BUNDLE_LOADER = "$(TEST_HOST)";
				CODE_SIGN_STYLE = Automatic;
				COMBINE_HIDPI_IMAGES = YES;
				DEVELOPMENT_TEAM = YGV8D2489Y;
				INFOPLIST_FILE = MandelbrotSetTests/Info.plist;
				LD_RUNPATH_SEARCH_PATHS = (
					"$(inherited)",
					"@executable_path/../Frameworks",
					"@loader_path/../Frameworks",
				);
				PRODUCT_BUNDLE_IDENTIFIER = com.teamsidney.MandelbrotSetTests;
				PRODUCT_NAME = "$(TARGET_NAME)";
				SWIFT_VERSION = 5.0;
				TEST_HOST = "$(BUILT_PRODUCTS_DIR)/MandelbrotSet.app/Contents/MacOS/MandelbrotSet";
			};
			name = Release;
		};
		34A22DA423BE97B300142EE2 /* Debug */ = {
			isa = XCBuildConfiguration;
			buildSettings = {
				ALWAYS_EMBED_SWIFT_STANDARD_LIBRARIES = YES;
				CODE_SIGN_STYLE = Automatic;
				COMBINE_HIDPI_IMAGES = YES;
				DEVELOPMENT_TEAM = YGV8D2489Y;
				INFOPLIST_FILE = MandelbrotSetUITests/Info.plist;
				LD_RUNPATH_SEARCH_PATHS = (
					"$(inherited)",
					"@executable_path/../Frameworks",
					"@loader_path/../Frameworks",
				);
				PRODUCT_BUNDLE_IDENTIFIER = com.teamsidney.MandelbrotSetUITests;
				PRODUCT_NAME = "$(TARGET_NAME)";
				SWIFT_VERSION = 5.0;
				TEST_TARGET_NAME = MandelbrotSet;
			};
			name = Debug;
		};
		34A22DA523BE97B300142EE2 /* Release */ = {
			isa = XCBuildConfiguration;
			buildSettings = {
				ALWAYS_EMBED_SWIFT_STANDARD_LIBRARIES = YES;
				CODE_SIGN_STYLE = Automatic;
				COMBINE_HIDPI_IMAGES = YES;
				DEVELOPMENT_TEAM = YGV8D2489Y;
				INFOPLIST_FILE = MandelbrotSetUITests/Info.plist;
				LD_RUNPATH_SEARCH_PATHS = (
					"$(inherited)",
					"@executable_path/../Frameworks",
					"@loader_path/../Frameworks",
				);
				PRODUCT_BUNDLE_IDENTIFIER = com.teamsidney.MandelbrotSetUITests;
				PRODUCT_NAME = "$(TARGET_NAME)";
				SWIFT_VERSION = 5.0;
				TEST_TARGET_NAME = MandelbrotSet;
			};
			name = Release;
		};
/* End XCBuildConfiguration section */

/* Begin XCConfigurationList section */
		34A22D7223BE97B200142EE2 /* Build configuration list for PBXProject "MandelbrotSet" */ = {
			isa = XCConfigurationList;
			buildConfigurations = (
				34A22D9B23BE97B300142EE2 /* Debug */,
				34A22D9C23BE97B300142EE2 /* Release */,
			);
			defaultConfigurationIsVisible = 0;
			defaultConfigurationName = Release;
		};
		34A22D9D23BE97B300142EE2 /* Build configuration list for PBXNativeTarget "MandelbrotSet" */ = {
			isa = XCConfigurationList;
			buildConfigurations = (
				34A22D9E23BE97B300142EE2 /* Debug */,
				34A22D9F23BE97B300142EE2 /* Release */,
			);
			defaultConfigurationIsVisible = 0;
			defaultConfigurationName = Release;
		};
		34A22DA023BE97B300142EE2 /* Build configuration list for PBXNativeTarget "MandelbrotSetTests" */ = {
			isa = XCConfigurationList;
			buildConfigurations = (
				34A22DA123BE97B300142EE2 /* Debug */,
				34A22DA223BE97B300142EE2 /* Release */,
			);
			defaultConfigurationIsVisible = 0;
			defaultConfigurationName = Release;
		};
		34A22DA323BE97B300142EE2 /* Build configuration list for PBXNativeTarget "MandelbrotSetUITests" */ = {
			isa = XCConfigurationList;
			buildConfigurations = (
				34A22DA423BE97B300142EE2 /* Debug */,
				34A22DA523BE97B300142EE2 /* Release */,
			);
			defaultConfigurationIsVisible = 0;
			defaultConfigurationName = Release;
		};
/* End XCConfigurationList section */
	};
	rootObject = 34A22D6F23BE97B200142EE2 /* Project object */;
}
